// !$*UTF8*$!
{
	archiveVersion = 1;
	classes = {
	};
	objectVersion = 50;
	objects = {

/* Begin PBXBuildFile section */
		D640D3B32482445A002A283E /* AppDelegate.swift in Sources */ = {isa = PBXBuildFile; fileRef = D640D3B22482445A002A283E /* AppDelegate.swift */; };
		D640D3B52482445A002A283E /* SceneDelegate.swift in Sources */ = {isa = PBXBuildFile; fileRef = D640D3B42482445A002A283E /* SceneDelegate.swift */; };
		D640D3BA2482445A002A283E /* Main.storyboard in Resources */ = {isa = PBXBuildFile; fileRef = D640D3B82482445A002A283E /* Main.storyboard */; };
		D640D3BC2482445F002A283E /* Assets.xcassets in Resources */ = {isa = PBXBuildFile; fileRef = D640D3BB2482445F002A283E /* Assets.xcassets */; };
		D640D3BF2482445F002A283E /* LaunchScreen.storyboard in Resources */ = {isa = PBXBuildFile; fileRef = D640D3BD2482445F002A283E /* LaunchScreen.storyboard */; };
		D640D3C724824562002A283E /* MainVC.swift in Sources */ = {isa = PBXBuildFile; fileRef = D640D3C624824562002A283E /* MainVC.swift */; };
		D67EB2252482C452009A1DD8 /* HorseCell.swift in Sources */ = {isa = PBXBuildFile; fileRef = D67EB2242482C452009A1DD8 /* HorseCell.swift */; };
		D67EB2272482C5AB009A1DD8 /* DashboardVC.swift in Sources */ = {isa = PBXBuildFile; fileRef = D67EB2262482C5AB009A1DD8 /* DashboardVC.swift */; };
		D68A6CD924838051007D99BD /* Horse.swift in Sources */ = {isa = PBXBuildFile; fileRef = D68A6CD824838051007D99BD /* Horse.swift */; };
		D68A6CDD248390C2007D99BD /* DetailHorseVC.swift in Sources */ = {isa = PBXBuildFile; fileRef = D68A6CDC248390C2007D99BD /* DetailHorseVC.swift */; };
		D6FAFE3924839F63009EFC42 /* ExtensionUI.swift in Sources */ = {isa = PBXBuildFile; fileRef = D6FAFE3824839F63009EFC42 /* ExtensionUI.swift */; };
		D6FAFE3C248452F9009EFC42 /* BaseVC.swift in Sources */ = {isa = PBXBuildFile; fileRef = D6FAFE3B248452F9009EFC42 /* BaseVC.swift */; };
/* End PBXBuildFile section */

/* Begin PBXFileReference section */
		D640D3AF2482445A002A283E /* Powerful Horse.app */ = {isa = PBXFileReference; explicitFileType = wrapper.application; includeInIndex = 0; path = "Powerful Horse.app"; sourceTree = BUILT_PRODUCTS_DIR; };
		D640D3B22482445A002A283E /* AppDelegate.swift */ = {isa = PBXFileReference; lastKnownFileType = sourcecode.swift; path = AppDelegate.swift; sourceTree = "<group>"; };
		D640D3B42482445A002A283E /* SceneDelegate.swift */ = {isa = PBXFileReference; lastKnownFileType = sourcecode.swift; path = SceneDelegate.swift; sourceTree = "<group>"; };
		D640D3B92482445A002A283E /* Base */ = {isa = PBXFileReference; lastKnownFileType = file.storyboard; name = Base; path = Base.lproj/Main.storyboard; sourceTree = "<group>"; };
		D640D3BB2482445F002A283E /* Assets.xcassets */ = {isa = PBXFileReference; lastKnownFileType = folder.assetcatalog; path = Assets.xcassets; sourceTree = "<group>"; };
		D640D3BE2482445F002A283E /* Base */ = {isa = PBXFileReference; lastKnownFileType = file.storyboard; name = Base; path = Base.lproj/LaunchScreen.storyboard; sourceTree = "<group>"; };
		D640D3C02482445F002A283E /* Info.plist */ = {isa = PBXFileReference; lastKnownFileType = text.plist.xml; path = Info.plist; sourceTree = "<group>"; };
		D640D3C624824562002A283E /* MainVC.swift */ = {isa = PBXFileReference; lastKnownFileType = sourcecode.swift; path = MainVC.swift; sourceTree = "<group>"; };
		D67EB2242482C452009A1DD8 /* HorseCell.swift */ = {isa = PBXFileReference; lastKnownFileType = sourcecode.swift; path = HorseCell.swift; sourceTree = "<group>"; };
		D67EB2262482C5AB009A1DD8 /* DashboardVC.swift */ = {isa = PBXFileReference; lastKnownFileType = sourcecode.swift; path = DashboardVC.swift; sourceTree = "<group>"; };
		D68A6CD824838051007D99BD /* Horse.swift */ = {isa = PBXFileReference; lastKnownFileType = sourcecode.swift; path = Horse.swift; sourceTree = "<group>"; };
		D68A6CDC248390C2007D99BD /* DetailHorseVC.swift */ = {isa = PBXFileReference; lastKnownFileType = sourcecode.swift; path = DetailHorseVC.swift; sourceTree = "<group>"; };
		D6FAFE3824839F63009EFC42 /* ExtensionUI.swift */ = {isa = PBXFileReference; lastKnownFileType = sourcecode.swift; path = ExtensionUI.swift; sourceTree = "<group>"; };
		D6FAFE3B248452F9009EFC42 /* BaseVC.swift */ = {isa = PBXFileReference; fileEncoding = 4; lastKnownFileType = sourcecode.swift; path = BaseVC.swift; sourceTree = "<group>"; };
/* End PBXFileReference section */

/* Begin PBXFrameworksBuildPhase section */
		D640D3AC2482445A002A283E /* Frameworks */ = {
			isa = PBXFrameworksBuildPhase;
			buildActionMask = 2147483647;
			files = (
			);
			runOnlyForDeploymentPostprocessing = 0;
		};
/* End PBXFrameworksBuildPhase section */

/* Begin PBXGroup section */
		D640D3A62482445A002A283E = {
			isa = PBXGroup;
			children = (
				D640D3B12482445A002A283E /* Powerful Horse */,
				D640D3B02482445A002A283E /* Products */,
			);
			sourceTree = "<group>";
		};
		D640D3B02482445A002A283E /* Products */ = {
			isa = PBXGroup;
			children = (
				D640D3AF2482445A002A283E /* Powerful Horse.app */,
			);
			name = Products;
			sourceTree = "<group>";
		};
		D640D3B12482445A002A283E /* Powerful Horse */ = {
			isa = PBXGroup;
			children = (
				D640D3CC24824665002A283E /* Main */,
				D640D3CB24824620002A283E /* Startup */,
				D640D3CA24824607002A283E /* Supporting File */,
				D640D3CE2482469F002A283E /* Resources */,
				D640D3CD24824687002A283E /* Models */,
				D640D3C9248245C6002A283E /* Views */,
				D640D3C8248245B0002A283E /* Controllers */,
			);
			path = "Powerful Horse";
			sourceTree = "<group>";
		};
		D640D3C8248245B0002A283E /* Controllers */ = {
			isa = PBXGroup;
			children = (
				D6FAFE3A248452F9009EFC42 /* Base */,
				D67EB2262482C5AB009A1DD8 /* DashboardVC.swift */,
				D68A6CDC248390C2007D99BD /* DetailHorseVC.swift */,
			);
			path = Controllers;
			sourceTree = "<group>";
		};
		D640D3C9248245C6002A283E /* Views */ = {
			isa = PBXGroup;
			children = (
				D6FAFE3724839F30009EFC42 /* Extension */,
				D67EB2242482C452009A1DD8 /* HorseCell.swift */,
			);
			path = Views;
			sourceTree = "<group>";
		};
		D640D3CA24824607002A283E /* Supporting File */ = {
			isa = PBXGroup;
			children = (
				D640D3C02482445F002A283E /* Info.plist */,
				D640D3BD2482445F002A283E /* LaunchScreen.storyboard */,
			);
			path = "Supporting File";
			sourceTree = "<group>";
		};
		D640D3CB24824620002A283E /* Startup */ = {
			isa = PBXGroup;
			children = (
				D640D3B42482445A002A283E /* SceneDelegate.swift */,
				D640D3B22482445A002A283E /* AppDelegate.swift */,
			);
			path = Startup;
			sourceTree = "<group>";
		};
		D640D3CC24824665002A283E /* Main */ = {
			isa = PBXGroup;
			children = (
				D640D3B82482445A002A283E /* Main.storyboard */,
				D640D3C624824562002A283E /* MainVC.swift */,
			);
			path = Main;
			sourceTree = "<group>";
		};
		D640D3CD24824687002A283E /* Models */ = {
			isa = PBXGroup;
			children = (
				D68A6CD824838051007D99BD /* Horse.swift */,
			);
			path = Models;
			sourceTree = "<group>";
		};
		D640D3CE2482469F002A283E /* Resources */ = {
			isa = PBXGroup;
			children = (
				D640D3BB2482445F002A283E /* Assets.xcassets */,
			);
			path = Resources;
			sourceTree = "<group>";
		};
		D6FAFE3724839F30009EFC42 /* Extension */ = {
			isa = PBXGroup;
			children = (
				D6FAFE3824839F63009EFC42 /* ExtensionUI.swift */,
			);
			path = Extension;
			sourceTree = "<group>";
		};
		D6FAFE3A248452F9009EFC42 /* Base */ = {
			isa = PBXGroup;
			children = (
				D6FAFE3B248452F9009EFC42 /* BaseVC.swift */,
			);
			path = Base;
			sourceTree = "<group>";
		};
/* End PBXGroup section */

/* Begin PBXNativeTarget section */
		D640D3AE2482445A002A283E /* Powerful Horse */ = {
			isa = PBXNativeTarget;
			buildConfigurationList = D640D3C32482445F002A283E /* Build configuration list for PBXNativeTarget "Powerful Horse" */;
			buildPhases = (
				D640D3AB2482445A002A283E /* Sources */,
				D640D3AC2482445A002A283E /* Frameworks */,
				D640D3AD2482445A002A283E /* Resources */,
			);
			buildRules = (
			);
			dependencies = (
			);
			name = "Powerful Horse";
			productName = "Powerful Horse";
			productReference = D640D3AF2482445A002A283E /* Powerful Horse.app */;
			productType = "com.apple.product-type.application";
		};
/* End PBXNativeTarget section */

/* Begin PBXProject section */
		D640D3A72482445A002A283E /* Project object */ = {
			isa = PBXProject;
			attributes = {
				LastSwiftUpdateCheck = 1150;
				LastUpgradeCheck = 1150;
				ORGANIZATIONNAME = "Jonatan Gonzalez";
				TargetAttributes = {
					D640D3AE2482445A002A283E = {
						CreatedOnToolsVersion = 11.5;
					};
				};
			};
			buildConfigurationList = D640D3AA2482445A002A283E /* Build configuration list for PBXProject "Powerful Horse" */;
			compatibilityVersion = "Xcode 9.3";
			developmentRegion = en;
			hasScannedForEncodings = 0;
			knownRegions = (
				en,
				Base,
			);
			mainGroup = D640D3A62482445A002A283E;
			productRefGroup = D640D3B02482445A002A283E /* Products */;
			projectDirPath = "";
			projectRoot = "";
			targets = (
				D640D3AE2482445A002A283E /* Powerful Horse */,
			);
		};
/* End PBXProject section */

/* Begin PBXResourcesBuildPhase section */
		D640D3AD2482445A002A283E /* Resources */ = {
			isa = PBXResourcesBuildPhase;
			buildActionMask = 2147483647;
			files = (
				D640D3BF2482445F002A283E /* LaunchScreen.storyboard in Resources */,
				D640D3BC2482445F002A283E /* Assets.xcassets in Resources */,
				D640D3BA2482445A002A283E /* Main.storyboard in Resources */,
			);
			runOnlyForDeploymentPostprocessing = 0;
		};
/* End PBXResourcesBuildPhase section */

/* Begin PBXSourcesBuildPhase section */
		D640D3AB2482445A002A283E /* Sources */ = {
			isa = PBXSourcesBuildPhase;
			buildActionMask = 2147483647;
			files = (
				D640D3C724824562002A283E /* MainVC.swift in Sources */,
				D67EB2272482C5AB009A1DD8 /* DashboardVC.swift in Sources */,
				D640D3B32482445A002A283E /* AppDelegate.swift in Sources */,
				D6FAFE3924839F63009EFC42 /* ExtensionUI.swift in Sources */,
				D6FAFE3C248452F9009EFC42 /* BaseVC.swift in Sources */,
				D68A6CDD248390C2007D99BD /* DetailHorseVC.swift in Sources */,
				D68A6CD924838051007D99BD /* Horse.swift in Sources */,
				D640D3B52482445A002A283E /* SceneDelegate.swift in Sources */,
				D67EB2252482C452009A1DD8 /* HorseCell.swift in Sources */,
			);
			runOnlyForDeploymentPostprocessing = 0;
		};
/* End PBXSourcesBuildPhase section */

/* Begin PBXVariantGroup section */
		D640D3B82482445A002A283E /* Main.storyboard */ = {
			isa = PBXVariantGroup;
			children = (
				D640D3B92482445A002A283E /* Base */,
			);
			name = Main.storyboard;
			sourceTree = "<group>";
		};
		D640D3BD2482445F002A283E /* LaunchScreen.storyboard */ = {
			isa = PBXVariantGroup;
			children = (
				D640D3BE2482445F002A283E /* Base */,
			);
			name = LaunchScreen.storyboard;
			sourceTree = "<group>";
		};
/* End PBXVariantGroup section */

/* Begin XCBuildConfiguration section */
		D640D3C12482445F002A283E /* Debug */ = {
			isa = XCBuildConfiguration;
			buildSettings = {
				ALWAYS_SEARCH_USER_PATHS = NO;
				CLANG_ANALYZER_NONNULL = YES;
				CLANG_ANALYZER_NUMBER_OBJECT_CONVERSION = YES_AGGRESSIVE;
				CLANG_CXX_LANGUAGE_STANDARD = "gnu++14";
				CLANG_CXX_LIBRARY = "libc++";
				CLANG_ENABLE_MODULES = YES;
				CLANG_ENABLE_OBJC_ARC = YES;
				CLANG_ENABLE_OBJC_WEAK = YES;
				CLANG_WARN_BLOCK_CAPTURE_AUTORELEASING = YES;
				CLANG_WARN_BOOL_CONVERSION = YES;
				CLANG_WARN_COMMA = YES;
				CLANG_WARN_CONSTANT_CONVERSION = YES;
				CLANG_WARN_DEPRECATED_OBJC_IMPLEMENTATIONS = YES;
				CLANG_WARN_DIRECT_OBJC_ISA_USAGE = YES_ERROR;
				CLANG_WARN_DOCUMENTATION_COMMENTS = YES;
				CLANG_WARN_EMPTY_BODY = YES;
				CLANG_WARN_ENUM_CONVERSION = YES;
				CLANG_WARN_INFINITE_RECURSION = YES;
				CLANG_WARN_INT_CONVERSION = YES;
				CLANG_WARN_NON_LITERAL_NULL_CONVERSION = YES;
				CLANG_WARN_OBJC_IMPLICIT_RETAIN_SELF = YES;
				CLANG_WARN_OBJC_LITERAL_CONVERSION = YES;
				CLANG_WARN_OBJC_ROOT_CLASS = YES_ERROR;
				CLANG_WARN_RANGE_LOOP_ANALYSIS = YES;
				CLANG_WARN_STRICT_PROTOTYPES = YES;
				CLANG_WARN_SUSPICIOUS_MOVE = YES;
				CLANG_WARN_UNGUARDED_AVAILABILITY = YES_AGGRESSIVE;
				CLANG_WARN_UNREACHABLE_CODE = YES;
				CLANG_WARN__DUPLICATE_METHOD_MATCH = YES;
				COPY_PHASE_STRIP = NO;
				DEBUG_INFORMATION_FORMAT = dwarf;
				ENABLE_STRICT_OBJC_MSGSEND = YES;
				ENABLE_TESTABILITY = YES;
				GCC_C_LANGUAGE_STANDARD = gnu11;
				GCC_DYNAMIC_NO_PIC = NO;
				GCC_NO_COMMON_BLOCKS = YES;
				GCC_OPTIMIZATION_LEVEL = 0;
				GCC_PREPROCESSOR_DEFINITIONS = (
					"DEBUG=1",
					"$(inherited)",
				);
				GCC_WARN_64_TO_32_BIT_CONVERSION = YES;
				GCC_WARN_ABOUT_RETURN_TYPE = YES_ERROR;
				GCC_WARN_UNDECLARED_SELECTOR = YES;
				GCC_WARN_UNINITIALIZED_AUTOS = YES_AGGRESSIVE;
				GCC_WARN_UNUSED_FUNCTION = YES;
				GCC_WARN_UNUSED_VARIABLE = YES;
				IPHONEOS_DEPLOYMENT_TARGET = 13.5;
				MTL_ENABLE_DEBUG_INFO = INCLUDE_SOURCE;
				MTL_FAST_MATH = YES;
				ONLY_ACTIVE_ARCH = YES;
				SDKROOT = iphoneos;
				SWIFT_ACTIVE_COMPILATION_CONDITIONS = DEBUG;
				SWIFT_OPTIMIZATION_LEVEL = "-Onone";
			};
			name = Debug;
		};
		D640D3C22482445F002A283E /* Release */ = {
			isa = XCBuildConfiguration;
			buildSettings = {
				ALWAYS_SEARCH_USER_PATHS = NO;
				CLANG_ANALYZER_NONNULL = YES;
				CLANG_ANALYZER_NUMBER_OBJECT_CONVERSION = YES_AGGRESSIVE;
				CLANG_CXX_LANGUAGE_STANDARD = "gnu++14";
				CLANG_CXX_LIBRARY = "libc++";
				CLANG_ENABLE_MODULES = YES;
				CLANG_ENABLE_OBJC_ARC = YES;
				CLANG_ENABLE_OBJC_WEAK = YES;
				CLANG_WARN_BLOCK_CAPTURE_AUTORELEASING = YES;
				CLANG_WARN_BOOL_CONVERSION = YES;
				CLANG_WARN_COMMA = YES;
				CLANG_WARN_CONSTANT_CONVERSION = YES;
				CLANG_WARN_DEPRECATED_OBJC_IMPLEMENTATIONS = YES;
				CLANG_WARN_DIRECT_OBJC_ISA_USAGE = YES_ERROR;
				CLANG_WARN_DOCUMENTATION_COMMENTS = YES;
				CLANG_WARN_EMPTY_BODY = YES;
				CLANG_WARN_ENUM_CONVERSION = YES;
				CLANG_WARN_INFINITE_RECURSION = YES;
				CLANG_WARN_INT_CONVERSION = YES;
				CLANG_WARN_NON_LITERAL_NULL_CONVERSION = YES;
				CLANG_WARN_OBJC_IMPLICIT_RETAIN_SELF = YES;
				CLANG_WARN_OBJC_LITERAL_CONVERSION = YES;
				CLANG_WARN_OBJC_ROOT_CLASS = YES_ERROR;
				CLANG_WARN_RANGE_LOOP_ANALYSIS = YES;
				CLANG_WARN_STRICT_PROTOTYPES = YES;
				CLANG_WARN_SUSPICIOUS_MOVE = YES;
				CLANG_WARN_UNGUARDED_AVAILABILITY = YES_AGGRESSIVE;
				CLANG_WARN_UNREACHABLE_CODE = YES;
				CLANG_WARN__DUPLICATE_METHOD_MATCH = YES;
				COPY_PHASE_STRIP = NO;
				DEBUG_INFORMATION_FORMAT = "dwarf-with-dsym";
				ENABLE_NS_ASSERTIONS = NO;
				ENABLE_STRICT_OBJC_MSGSEND = YES;
				GCC_C_LANGUAGE_STANDARD = gnu11;
				GCC_NO_COMMON_BLOCKS = YES;
				GCC_WARN_64_TO_32_BIT_CONVERSION = YES;
				GCC_WARN_ABOUT_RETURN_TYPE = YES_ERROR;
				GCC_WARN_UNDECLARED_SELECTOR = YES;
				GCC_WARN_UNINITIALIZED_AUTOS = YES_AGGRESSIVE;
				GCC_WARN_UNUSED_FUNCTION = YES;
				GCC_WARN_UNUSED_VARIABLE = YES;
				IPHONEOS_DEPLOYMENT_TARGET = 13.5;
				MTL_ENABLE_DEBUG_INFO = NO;
				MTL_FAST_MATH = YES;
				SDKROOT = iphoneos;
				SWIFT_COMPILATION_MODE = wholemodule;
				SWIFT_OPTIMIZATION_LEVEL = "-O";
				VALIDATE_PRODUCT = YES;
			};
			name = Release;
		};
		D640D3C42482445F002A283E /* Debug */ = {
			isa = XCBuildConfiguration;
			buildSettings = {
				ASSETCATALOG_COMPILER_APPICON_NAME = AppIcon;
				CODE_SIGN_STYLE = Automatic;
				DEVELOPMENT_TEAM = D7ZXBNHZSB;
				INFOPLIST_FILE = "$(SRCROOT)/Powerful Horse/Supporting File/Info.plist";
				LD_RUNPATH_SEARCH_PATHS = (
					"$(inherited)",
					"@executable_path/Frameworks",
				);
				PRODUCT_BUNDLE_IDENTIFIER = "com.bacandev.ar.Powerful-Horse";
				PRODUCT_NAME = "$(TARGET_NAME)";
				SWIFT_VERSION = 5.0;
				TARGETED_DEVICE_FAMILY = "1,2";
			};
			name = Debug;
		};
		D640D3C52482445F002A283E /* Release */ = {
			isa = XCBuildConfiguration;
			buildSettings = {
				ASSETCATALOG_COMPILER_APPICON_NAME = AppIcon;
				CODE_SIGN_STYLE = Automatic;
				DEVELOPMENT_TEAM = D7ZXBNHZSB;
				INFOPLIST_FILE = "$(SRCROOT)/Powerful Horse/Supporting File/Info.plist";
				LD_RUNPATH_SEARCH_PATHS = (
					"$(inherited)",
					"@executable_path/Frameworks",
				);
				PRODUCT_BUNDLE_IDENTIFIER = "com.bacandev.ar.Powerful-Horse";
				PRODUCT_NAME = "$(TARGET_NAME)";
				SWIFT_VERSION = 5.0;
				TARGETED_DEVICE_FAMILY = "1,2";
			};
			name = Release;
		};
/* End XCBuildConfiguration section */

/* Begin XCConfigurationList section */
		D640D3AA2482445A002A283E /* Build configuration list for PBXProject "Powerful Horse" */ = {
			isa = XCConfigurationList;
			buildConfigurations = (
				D640D3C12482445F002A283E /* Debug */,
				D640D3C22482445F002A283E /* Release */,
			);
			defaultConfigurationIsVisible = 0;
			defaultConfigurationName = Release;
		};
		D640D3C32482445F002A283E /* Build configuration list for PBXNativeTarget "Powerful Horse" */ = {
			isa = XCConfigurationList;
			buildConfigurations = (
				D640D3C42482445F002A283E /* Debug */,
				D640D3C52482445F002A283E /* Release */,
			);
			defaultConfigurationIsVisible = 0;
			defaultConfigurationName = Release;
		};
/* End XCConfigurationList section */
	};
	rootObject = D640D3A72482445A002A283E /* Project object */;
}
